{
  "name": "learning",
  "lockfileVersion": 3,
  "requires": true,
  "packages": {
    "": {
      "dependencies": {
        "@tanstack/react-query": "^5.81.0"
      }
    },
    "node_modules/@tanstack/query-core": {
      "version": "5.81.0",
      "resolved": "https://registry.npmjs.org/@tanstack/query-core/-/query-core-5.81.0.tgz",
      "integrity": "sha512-lFsd8NBhkh26vzaq8uOOM2o3r4NtJros7kASI+TTMBmKT8C43HVN/2mOI9PFX9kzmxLThBzOLa4NI8ORhX8N9g==",
      "license": "MIT",
      "funding": {
        "type": "github",
        "url": "https://github.com/sponsors/tannerlinsley"
      }
    },
    "node_modules/@tanstack/react-query": {
      "version": "5.81.0",
      "resolved": "https://registry.npmjs.org/@tanstack/react-query/-/react-query-5.81.0.tgz",
      "integrity": "sha512-nutU/X1xrgMJXui61oi5j0gXKs2ZlHnI9f/C128CNha/MRi9i/E5tN3pcUIjvQZzNQnOxp1Uv90SZs3kmcecgw==",
      "license": "MIT",
      "dependencies": {
        "@tanstack/query-core": "5.81.0"
      },
      "funding": {
        "type": "github",
        "url": "https://github.com/sponsors/tannerlinsley"
      },
      "peerDependencies": {
        "react": "^18 || ^19"
      }
    },
    "node_modules/react": {
      "version": "19.1.0",
      "resolved": "https://registry.npmjs.org/react/-/react-19.1.0.tgz",
      "integrity": "sha512-FS+XFBNvn3GTAWq26joslQgWNoFu08F4kl0J4CgdNKADkdSGXQyTCnKteIAJy96Br6YbpEU1LSzV5dYtjMkMDg==",
      "license": "MIT",
      "peer": true,
      "engines": {
        "node": ">=0.10.0"
      }
    }
  }
}
